
Microsoft Visual Studio Solution File, Format Version 12.00
# Visual Studio 2013
VisualStudioVersion = 12.0.40629.0
MinimumVisualStudioVersion = 10.0.40219.1
Project("{FAE04EC0-301F-11D3-BF4B-00C04F79EFBC}") = "KataNumbersInWords3", "KataNumbersInWords3\KataNumbersInWords3.csproj", "{B0E10CFD-7DEA-4638-8B29-979EA48BBC43}"
EndProject
Project("{FAE04EC0-301F-11D3-BF4B-00C04F79EFBC}") = "NumbersInWordsTest", "NumbersInWordsTest\NumbersInWordsTest.csproj", "{BEF229E8-280B-41C2-8F1B-4BA24DD82439}"
EndProject
Global
	GlobalSection(SolutionConfigurationPlatforms) = preSolution
		Debug|Any CPU = Debug|Any CPU
		Release|Any CPU = Release|Any CPU
	EndGlobalSection
	GlobalSection(ProjectConfigurationPlatforms) = postSolution
		{B0E10CFD-7DEA-4638-8B29-979EA48BBC43}.Debug|Any CPU.ActiveCfg = Debug|Any CPU
		{B0E10CFD-7DEA-4638-8B29-979EA48BBC43}.Debug|Any CPU.Build.0 = Debug|Any CPU
		{B0E10CFD-7DEA-4638-8B29-979EA48BBC43}.Release|Any CPU.ActiveCfg = Release|Any CPU
		{B0E10CFD-7DEA-4638-8B29-979EA48BBC43}.Release|Any CPU.Build.0 = Release|Any CPU
		{BEF229E8-280B-41C2-8F1B-4BA24DD82439}.Debug|Any CPU.ActiveCfg = Debug|Any CPU
		{BEF229E8-280B-41C2-8F1B-4BA24DD82439}.Debug|Any CPU.Build.0 = Debug|Any CPU
		{BEF229E8-280B-41C2-8F1B-4BA24DD82439}.Release|Any CPU.ActiveCfg = Release|Any CPU
		{BEF229E8-280B-41C2-8F1B-4BA24DD82439}.Release|Any CPU.Build.0 = Release|Any CPU
	EndGlobalSection
	GlobalSection(SolutionProperties) = preSolution
		HideSolutionNode = FALSE
	EndGlobalSection
EndGlobal
