
Microsoft Visual Studio Solution File, Format Version 12.00
# Visual Studio 2013
VisualStudioVersion = 12.0.40629.0
MinimumVisualStudioVersion = 10.0.40219.1
Project("{FAE04EC0-301F-11D3-BF4B-00C04F79EFBC}") = "KataWordWrap", "KataWordWrap\KataWordWrap.csproj", "{F676B2C6-B0DB-409A-A173-E2A87FCF40A0}"
EndProject
Project("{FAE04EC0-301F-11D3-BF4B-00C04F79EFBC}") = "KataWordWrapTest", "KataWordWrapTest\KataWordWrapTest.csproj", "{0672DEA0-5836-49FE-9A66-4FCE532AECE3}"
EndProject
Global
	GlobalSection(SolutionConfigurationPlatforms) = preSolution
		Debug|Any CPU = Debug|Any CPU
		Release|Any CPU = Release|Any CPU
	EndGlobalSection
	GlobalSection(ProjectConfigurationPlatforms) = postSolution
		{F676B2C6-B0DB-409A-A173-E2A87FCF40A0}.Debug|Any CPU.ActiveCfg = Debug|Any CPU
		{F676B2C6-B0DB-409A-A173-E2A87FCF40A0}.Debug|Any CPU.Build.0 = Debug|Any CPU
		{F676B2C6-B0DB-409A-A173-E2A87FCF40A0}.Release|Any CPU.ActiveCfg = Release|Any CPU
		{F676B2C6-B0DB-409A-A173-E2A87FCF40A0}.Release|Any CPU.Build.0 = Release|Any CPU
		{0672DEA0-5836-49FE-9A66-4FCE532AECE3}.Debug|Any CPU.ActiveCfg = Debug|Any CPU
		{0672DEA0-5836-49FE-9A66-4FCE532AECE3}.Debug|Any CPU.Build.0 = Debug|Any CPU
		{0672DEA0-5836-49FE-9A66-4FCE532AECE3}.Release|Any CPU.ActiveCfg = Release|Any CPU
		{0672DEA0-5836-49FE-9A66-4FCE532AECE3}.Release|Any CPU.Build.0 = Release|Any CPU
	EndGlobalSection
	GlobalSection(SolutionProperties) = preSolution
		HideSolutionNode = FALSE
	EndGlobalSection
EndGlobal
